// !$*UTF8*$!
{
	archiveVersion = 1;
	classes = {
	};
	objectVersion = 50;
	objects = {

/* Begin PBXBuildFile section */
		8807BC5F2453CC3C002D8D46 /* you2.m in Sources */ = {isa = PBXBuildFile; fileRef = 8807BC5E2453CC3C002D8D46 /* you2.m */; };
		8807BC662453CD53002D8D46 /* Makefile in Sources */ = {isa = PBXBuildFile; fileRef = 8807BC642453CD53002D8D46 /* Makefile */; };
		8807BC692453CDB7002D8D46 /* Makefile in Sources */ = {isa = PBXBuildFile; fileRef = 8807BC682453CDB7002D8D46 /* Makefile */; };
		8807BC6C2453EA10002D8D46 /* kernel_base.m in Sources */ = {isa = PBXBuildFile; fileRef = 8807BC6A2453EA10002D8D46 /* kernel_base.m */; };
		882FDA4924566C81000F3D86 /* serial.m in Sources */ = {isa = PBXBuildFile; fileRef = 882FDA4724566C81000F3D86 /* serial.m */; };
/* End PBXBuildFile section */

/* Begin PBXCopyFilesBuildPhase section */
		885571BE2394578000524A54 /* CopyFiles */ = {
			isa = PBXCopyFilesBuildPhase;
			buildActionMask = 2147483647;
			dstPath = "include/$(PRODUCT_NAME)";
			dstSubfolderSpec = 16;
			files = (
			);
			runOnlyForDeploymentPostprocessing = 0;
		};
/* End PBXCopyFilesBuildPhase section */

/* Begin PBXFileReference section */
		8807BC5C2453CC3B002D8D46 /* mach_vm.h */ = {isa = PBXFileReference; fileEncoding = 4; lastKnownFileType = sourcecode.c.h; path = mach_vm.h; sourceTree = "<group>"; };
		8807BC5D2453CC3C002D8D46 /* you2.h */ = {isa = PBXFileReference; fileEncoding = 4; lastKnownFileType = sourcecode.c.h; path = you2.h; sourceTree = "<group>"; };
		8807BC5E2453CC3C002D8D46 /* you2.m */ = {isa = PBXFileReference; fileEncoding = 4; lastKnownFileType = sourcecode.c.objc; path = you2.m; sourceTree = "<group>"; };
		8807BC602453CD52002D8D46 /* entitlements.xml */ = {isa = PBXFileReference; fileEncoding = 4; lastKnownFileType = text.xml; path = entitlements.xml; sourceTree = "<group>"; };
		8807BC622453CD52002D8D46 /* make-you2.sh */ = {isa = PBXFileReference; fileEncoding = 4; lastKnownFileType = text.script.sh; path = "make-you2.sh"; sourceTree = "<group>"; };
		8807BC632453CD52002D8D46 /* control */ = {isa = PBXFileReference; fileEncoding = 4; lastKnownFileType = text; path = control; sourceTree = "<group>"; };
		8807BC642453CD53002D8D46 /* Makefile */ = {isa = PBXFileReference; fileEncoding = 4; lastKnownFileType = sourcecode.make; path = Makefile; sourceTree = "<group>"; };
		8807BC682453CDB7002D8D46 /* Makefile */ = {isa = PBXFileReference; fileEncoding = 4; lastKnownFileType = sourcecode.make; path = Makefile; sourceTree = "<group>"; };
		8807BC6A2453EA10002D8D46 /* kernel_base.m */ = {isa = PBXFileReference; lastKnownFileType = sourcecode.c.objc; path = kernel_base.m; sourceTree = "<group>"; };
		8807BC6B2453EA10002D8D46 /* kernel_base.h */ = {isa = PBXFileReference; lastKnownFileType = sourcecode.c.h; path = kernel_base.h; sourceTree = "<group>"; };
		882FDA4724566C81000F3D86 /* serial.m */ = {isa = PBXFileReference; lastKnownFileType = sourcecode.c.objc; path = serial.m; sourceTree = "<group>"; };
		882FDA4824566C81000F3D86 /* serial.h */ = {isa = PBXFileReference; lastKnownFileType = sourcecode.c.h; path = serial.h; sourceTree = "<group>"; };
		885571C02394578000524A54 /* you2 */ = {isa = PBXFileReference; explicitFileType = "compiled.mach-o.dylib"; includeInIndex = 0; path = you2; sourceTree = BUILT_PRODUCTS_DIR; };
/* End PBXFileReference section */

/* Begin PBXFrameworksBuildPhase section */
		885571BD2394578000524A54 /* Frameworks */ = {
			isa = PBXFrameworksBuildPhase;
			buildActionMask = 2147483647;
			files = (
			);
			runOnlyForDeploymentPostprocessing = 0;
		};
/* End PBXFrameworksBuildPhase section */

/* Begin PBXGroup section */
		8807BC672453CD8D002D8D46 /* you2 */ = {
			isa = PBXGroup;
			children = (
				8807BC682453CDB7002D8D46 /* Makefile */,
				8807BC5D2453CC3C002D8D46 /* you2.h */,
				8807BC5C2453CC3B002D8D46 /* mach_vm.h */,
				8807BC5E2453CC3C002D8D46 /* you2.m */,
				8807BC6A2453EA10002D8D46 /* kernel_base.m */,
				8807BC6B2453EA10002D8D46 /* kernel_base.h */,
				882FDA4724566C81000F3D86 /* serial.m */,
				882FDA4824566C81000F3D86 /* serial.h */,
			);
			path = you2;
			sourceTree = "<group>";
		};
		885571B72394578000524A54 = {
			isa = PBXGroup;
			children = (
				885571C22394578000524A54 /* you2 */,
				885571C12394578000524A54 /* Products */,
			);
			sourceTree = "<group>";
		};
		885571C12394578000524A54 /* Products */ = {
			isa = PBXGroup;
			children = (
				885571C02394578000524A54 /* you2 */,
			);
			name = Products;
			sourceTree = "<group>";
		};
		885571C22394578000524A54 /* you2 */ = {
			isa = PBXGroup;
			children = (
				8807BC672453CD8D002D8D46 /* you2 */,
				8807BC632453CD52002D8D46 /* control */,
				8807BC602453CD52002D8D46 /* entitlements.xml */,
				8807BC622453CD52002D8D46 /* make-you2.sh */,
				8807BC642453CD53002D8D46 /* Makefile */,
			);
			path = you2;
			sourceTree = "<group>";
		};
/* End PBXGroup section */

/* Begin PBXNativeTarget section */
		885571BF2394578000524A54 /* you2 */ = {
			isa = PBXNativeTarget;
			buildConfigurationList = 885571C92394578000524A54 /* Build configuration list for PBXNativeTarget "you2" */;
			buildPhases = (
				885571BC2394578000524A54 /* Sources */,
				885571BD2394578000524A54 /* Frameworks */,
				885571BE2394578000524A54 /* CopyFiles */,
				882A53ED2394791E0020C0B9 /* ShellScript */,
			);
			buildRules = (
			);
			dependencies = (
			);
			name = you2;
			productName = jbctl;
			productReference = 885571C02394578000524A54 /* you2 */;
			productType = "com.apple.product-type.library.dynamic";
		};
/* End PBXNativeTarget section */

/* Begin PBXProject section */
		885571B82394578000524A54 /* Project object */ = {
			isa = PBXProject;
			attributes = {
				LastUpgradeCheck = 1100;
				ORGANIZATIONNAME = "Brandon Plank";
				TargetAttributes = {
					885571BF2394578000524A54 = {
						CreatedOnToolsVersion = 11.0;
					};
				};
			};
			buildConfigurationList = 885571BB2394578000524A54 /* Build configuration list for PBXProject "you2" */;
			compatibilityVersion = "Xcode 9.3";
			developmentRegion = en;
			hasScannedForEncodings = 0;
			knownRegions = (
				en,
				Base,
			);
			mainGroup = 885571B72394578000524A54;
			productRefGroup = 885571C12394578000524A54 /* Products */;
			projectDirPath = "";
			projectRoot = "";
			targets = (
				885571BF2394578000524A54 /* you2 */,
			);
		};
/* End PBXProject section */

/* Begin PBXShellScriptBuildPhase section */
		882A53ED2394791E0020C0B9 /* ShellScript */ = {
			isa = PBXShellScriptBuildPhase;
			buildActionMask = 2147483647;
			files = (
			);
			inputFileListPaths = (
			);
			inputPaths = (
			);
			outputFileListPaths = (
			);
			outputPaths = (
			);
			runOnlyForDeploymentPostprocessing = 0;
			shellPath = /bin/sh;
			shellScript = "# Type a script or drag a script file from your workspace to insert its path.\n\ncd /Users/brandonplank/Documents/Projects/you2/you2/\nmake\n";
		};
/* End PBXShellScriptBuildPhase section */

/* Begin PBXSourcesBuildPhase section */
		885571BC2394578000524A54 /* Sources */ = {
			isa = PBXSourcesBuildPhase;
			buildActionMask = 2147483647;
			files = (
				8807BC662453CD53002D8D46 /* Makefile in Sources */,
				882FDA4924566C81000F3D86 /* serial.m in Sources */,
				8807BC6C2453EA10002D8D46 /* kernel_base.m in Sources */,
				8807BC5F2453CC3C002D8D46 /* you2.m in Sources */,
				8807BC692453CDB7002D8D46 /* Makefile in Sources */,
			);
			runOnlyForDeploymentPostprocessing = 0;
		};
/* End PBXSourcesBuildPhase section */

/* Begin XCBuildConfiguration section */
		885571C72394578000524A54 /* Debug */ = {
			isa = XCBuildConfiguration;
			buildSettings = {
				ALWAYS_SEARCH_USER_PATHS = NO;
				CLANG_ANALYZER_NONNULL = YES;
				CLANG_ANALYZER_NUMBER_OBJECT_CONVERSION = YES_AGGRESSIVE;
				CLANG_CXX_LANGUAGE_STANDARD = "gnu++14";
				CLANG_CXX_LIBRARY = "libc++";
				CLANG_ENABLE_MODULES = YES;
				CLANG_ENABLE_OBJC_ARC = YES;
				CLANG_ENABLE_OBJC_WEAK = YES;
				CLANG_WARN_BLOCK_CAPTURE_AUTORELEASING = YES;
				CLANG_WARN_BOOL_CONVERSION = YES;
				CLANG_WARN_COMMA = YES;
				CLANG_WARN_CONSTANT_CONVERSION = YES;
				CLANG_WARN_DEPRECATED_OBJC_IMPLEMENTATIONS = YES;
				CLANG_WARN_DIRECT_OBJC_ISA_USAGE = YES_ERROR;
				CLANG_WARN_DOCUMENTATION_COMMENTS = YES;
				CLANG_WARN_EMPTY_BODY = YES;
				CLANG_WARN_ENUM_CONVERSION = YES;
				CLANG_WARN_INFINITE_RECURSION = YES;
				CLANG_WARN_INT_CONVERSION = YES;
				CLANG_WARN_NON_LITERAL_NULL_CONVERSION = YES;
				CLANG_WARN_OBJC_IMPLICIT_RETAIN_SELF = YES;
				CLANG_WARN_OBJC_LITERAL_CONVERSION = YES;
				CLANG_WARN_OBJC_ROOT_CLASS = YES_ERROR;
				CLANG_WARN_RANGE_LOOP_ANALYSIS = YES;
				CLANG_WARN_STRICT_PROTOTYPES = YES;
				CLANG_WARN_SUSPICIOUS_MOVE = YES;
				CLANG_WARN_UNGUARDED_AVAILABILITY = YES_AGGRESSIVE;
				CLANG_WARN_UNREACHABLE_CODE = YES;
				CLANG_WARN__DUPLICATE_METHOD_MATCH = YES;
				COPY_PHASE_STRIP = NO;
				DEBUG_INFORMATION_FORMAT = dwarf;
				ENABLE_STRICT_OBJC_MSGSEND = YES;
				ENABLE_TESTABILITY = YES;
				GCC_C_LANGUAGE_STANDARD = gnu11;
				GCC_DYNAMIC_NO_PIC = NO;
				GCC_NO_COMMON_BLOCKS = YES;
				GCC_OPTIMIZATION_LEVEL = 0;
				GCC_PREPROCESSOR_DEFINITIONS = (
					"DEBUG=1",
					"$(inherited)",
				);
				GCC_WARN_64_TO_32_BIT_CONVERSION = YES;
				GCC_WARN_ABOUT_RETURN_TYPE = YES_ERROR;
				GCC_WARN_UNDECLARED_SELECTOR = YES;
				GCC_WARN_UNINITIALIZED_AUTOS = YES_AGGRESSIVE;
				GCC_WARN_UNUSED_FUNCTION = YES;
				GCC_WARN_UNUSED_VARIABLE = YES;
				IPHONEOS_DEPLOYMENT_TARGET = 13.0;
				MTL_ENABLE_DEBUG_INFO = INCLUDE_SOURCE;
				MTL_FAST_MATH = YES;
				ONLY_ACTIVE_ARCH = YES;
				SDKROOT = iphoneos;
			};
			name = Debug;
		};
		885571C82394578000524A54 /* Release */ = {
			isa = XCBuildConfiguration;
			buildSettings = {
				ALWAYS_SEARCH_USER_PATHS = NO;
				CLANG_ANALYZER_NONNULL = YES;
				CLANG_ANALYZER_NUMBER_OBJECT_CONVERSION = YES_AGGRESSIVE;
				CLANG_CXX_LANGUAGE_STANDARD = "gnu++14";
				CLANG_CXX_LIBRARY = "libc++";
				CLANG_ENABLE_MODULES = YES;
				CLANG_ENABLE_OBJC_ARC = YES;
				CLANG_ENABLE_OBJC_WEAK = YES;
				CLANG_WARN_BLOCK_CAPTURE_AUTORELEASING = YES;
				CLANG_WARN_BOOL_CONVERSION = YES;
				CLANG_WARN_COMMA = YES;
				CLANG_WARN_CONSTANT_CONVERSION = YES;
				CLANG_WARN_DEPRECATED_OBJC_IMPLEMENTATIONS = YES;
				CLANG_WARN_DIRECT_OBJC_ISA_USAGE = YES_ERROR;
				CLANG_WARN_DOCUMENTATION_COMMENTS = YES;
				CLANG_WARN_EMPTY_BODY = YES;
				CLANG_WARN_ENUM_CONVERSION = YES;
				CLANG_WARN_INFINITE_RECURSION = YES;
				CLANG_WARN_INT_CONVERSION = YES;
				CLANG_WARN_NON_LITERAL_NULL_CONVERSION = YES;
				CLANG_WARN_OBJC_IMPLICIT_RETAIN_SELF = YES;
				CLANG_WARN_OBJC_LITERAL_CONVERSION = YES;
				CLANG_WARN_OBJC_ROOT_CLASS = YES_ERROR;
				CLANG_WARN_RANGE_LOOP_ANALYSIS = YES;
				CLANG_WARN_STRICT_PROTOTYPES = YES;
				CLANG_WARN_SUSPICIOUS_MOVE = YES;
				CLANG_WARN_UNGUARDED_AVAILABILITY = YES_AGGRESSIVE;
				CLANG_WARN_UNREACHABLE_CODE = YES;
				CLANG_WARN__DUPLICATE_METHOD_MATCH = YES;
				COPY_PHASE_STRIP = NO;
				DEBUG_INFORMATION_FORMAT = "dwarf-with-dsym";
				ENABLE_NS_ASSERTIONS = NO;
				ENABLE_STRICT_OBJC_MSGSEND = YES;
				GCC_C_LANGUAGE_STANDARD = gnu11;
				GCC_NO_COMMON_BLOCKS = YES;
				GCC_WARN_64_TO_32_BIT_CONVERSION = YES;
				GCC_WARN_ABOUT_RETURN_TYPE = YES_ERROR;
				GCC_WARN_UNDECLARED_SELECTOR = YES;
				GCC_WARN_UNINITIALIZED_AUTOS = YES_AGGRESSIVE;
				GCC_WARN_UNUSED_FUNCTION = YES;
				GCC_WARN_UNUSED_VARIABLE = YES;
				IPHONEOS_DEPLOYMENT_TARGET = 13.0;
				MTL_ENABLE_DEBUG_INFO = NO;
				MTL_FAST_MATH = YES;
				SDKROOT = iphoneos;
				VALIDATE_PRODUCT = YES;
			};
			name = Release;
		};
		885571CA2394578000524A54 /* Debug */ = {
			isa = XCBuildConfiguration;
			buildSettings = {
				CODE_SIGNING_ALLOWED = NO;
				CODE_SIGN_IDENTITY = "";
				CODE_SIGN_INJECT_BASE_ENTITLEMENTS = NO;
				CODE_SIGN_STYLE = Manual;
				COPY_PHASE_STRIP = YES;
				DEPLOYMENT_POSTPROCESSING = NO;
				DEVELOPMENT_TEAM = "Don't Code Sign";
				DYLIB_COMPATIBILITY_VERSION = "";
				DYLIB_CURRENT_VERSION = "";
				EXECUTABLE_EXTENSION = dylib;
				EXECUTABLE_SUFFIX = "";
				IPHONEOS_DEPLOYMENT_TARGET = 10.0;
				MACH_O_TYPE = mh_execute;
				OTHER_LDFLAGS = "-ObjC";
				PRODUCT_NAME = "$(TARGET_NAME)";
				SKIP_INSTALL = YES;
				STRIP_STYLE = all;
				TARGETED_DEVICE_FAMILY = "1,2";
			};
			name = Debug;
		};
		885571CB2394578000524A54 /* Release */ = {
			isa = XCBuildConfiguration;
			buildSettings = {
				CODE_SIGNING_ALLOWED = NO;
				CODE_SIGN_IDENTITY = "";
				CODE_SIGN_INJECT_BASE_ENTITLEMENTS = NO;
				CODE_SIGN_STYLE = Manual;
				COPY_PHASE_STRIP = YES;
				DEPLOYMENT_POSTPROCESSING = NO;
				DEVELOPMENT_TEAM = "Don't Code Sign";
				DYLIB_COMPATIBILITY_VERSION = "";
				DYLIB_CURRENT_VERSION = "";
				EXECUTABLE_EXTENSION = dylib;
				EXECUTABLE_SUFFIX = "";
				IPHONEOS_DEPLOYMENT_TARGET = 10.0;
				MACH_O_TYPE = mh_execute;
				OTHER_LDFLAGS = "-ObjC";
				PRODUCT_NAME = "$(TARGET_NAME)";
				SKIP_INSTALL = YES;
				STRIP_STYLE = all;
				TARGETED_DEVICE_FAMILY = "1,2";
			};
			name = Release;
		};
/* End XCBuildConfiguration section */

/* Begin XCConfigurationList section */
		885571BB2394578000524A54 /* Build configuration list for PBXProject "you2" */ = {
			isa = XCConfigurationList;
			buildConfigurations = (
				885571C72394578000524A54 /* Debug */,
				885571C82394578000524A54 /* Release */,
			);
			defaultConfigurationIsVisible = 0;
			defaultConfigurationName = Release;
		};
		885571C92394578000524A54 /* Build configuration list for PBXNativeTarget "you2" */ = {
			isa = XCConfigurationList;
			buildConfigurations = (
				885571CA2394578000524A54 /* Debug */,
				885571CB2394578000524A54 /* Release */,
			);
			defaultConfigurationIsVisible = 0;
			defaultConfigurationName = Release;
		};
/* End XCConfigurationList section */
	};
	rootObject = 885571B82394578000524A54 /* Project object */;
}
